
Microsoft Visual Studio Solution File, Format Version 12.00
# Visual Studio Version 17
VisualStudioVersion = 17.0.31903.59
MinimumVisualStudioVersion = 10.0.40219.1
Project("{FAE04EC0-301F-11D3-BF4B-00C04F79EFBC}") = "API", "API\API.csproj", "{58F607DE-91EA-4278-AE88-B47E96B03C66}"
EndProject
Project("{FAE04EC0-301F-11D3-BF4B-00C04F79EFBC}") = "Application", "Application\Application.csproj", "{CC1E63B2-895E-4098-8B05-5822DAFDF371}"
EndProject
Project("{FAE04EC0-301F-11D3-BF4B-00C04F79EFBC}") = "Domain", "Domain\Domain.csproj", "{DC672630-744E-4D0B-B583-9C1006E2FB0F}"
EndProject
Project("{FAE04EC0-301F-11D3-BF4B-00C04F79EFBC}") = "Persistence", "Persistence\Persistence.csproj", "{ACB0586A-B8CB-4877-A451-888063243130}"
EndProject
Global
	GlobalSection(SolutionConfigurationPlatforms) = preSolution
		Debug|Any CPU = Debug|Any CPU
		Release|Any CPU = Release|Any CPU
	EndGlobalSection
	GlobalSection(SolutionProperties) = preSolution
		HideSolutionNode = FALSE
	EndGlobalSection
	GlobalSection(ProjectConfigurationPlatforms) = postSolution
		{58F607DE-91EA-4278-AE88-B47E96B03C66}.Debug|Any CPU.ActiveCfg = Debug|Any CPU
		{58F607DE-91EA-4278-AE88-B47E96B03C66}.Debug|Any CPU.Build.0 = Debug|Any CPU
		{58F607DE-91EA-4278-AE88-B47E96B03C66}.Release|Any CPU.ActiveCfg = Release|Any CPU
		{58F607DE-91EA-4278-AE88-B47E96B03C66}.Release|Any CPU.Build.0 = Release|Any CPU
		{CC1E63B2-895E-4098-8B05-5822DAFDF371}.Debug|Any CPU.ActiveCfg = Debug|Any CPU
		{CC1E63B2-895E-4098-8B05-5822DAFDF371}.Debug|Any CPU.Build.0 = Debug|Any CPU
		{CC1E63B2-895E-4098-8B05-5822DAFDF371}.Release|Any CPU.ActiveCfg = Release|Any CPU
		{CC1E63B2-895E-4098-8B05-5822DAFDF371}.Release|Any CPU.Build.0 = Release|Any CPU
		{DC672630-744E-4D0B-B583-9C1006E2FB0F}.Debug|Any CPU.ActiveCfg = Debug|Any CPU
		{DC672630-744E-4D0B-B583-9C1006E2FB0F}.Debug|Any CPU.Build.0 = Debug|Any CPU
		{DC672630-744E-4D0B-B583-9C1006E2FB0F}.Release|Any CPU.ActiveCfg = Release|Any CPU
		{DC672630-744E-4D0B-B583-9C1006E2FB0F}.Release|Any CPU.Build.0 = Release|Any CPU
		{ACB0586A-B8CB-4877-A451-888063243130}.Debug|Any CPU.ActiveCfg = Debug|Any CPU
		{ACB0586A-B8CB-4877-A451-888063243130}.Debug|Any CPU.Build.0 = Debug|Any CPU
		{ACB0586A-B8CB-4877-A451-888063243130}.Release|Any CPU.ActiveCfg = Release|Any CPU
		{ACB0586A-B8CB-4877-A451-888063243130}.Release|Any CPU.Build.0 = Release|Any CPU
	EndGlobalSection
EndGlobal
